{
  "name": "@miracle-ui/storybook",
  "version": "0.0.1",
  "lockfileVersion": 3,
  "requires": true,
  "packages": {
    "": {
      "name": "@miracle-ui/storybook",
      "version": "0.0.1",
      "license": "MIT",
      "dependencies": {
        "@miracle-ui/accordion": "*",
        "@miracle-ui/avatar": "*",
        "@miracle-ui/badge": "*",
        "@miracle-ui/button": "*",
        "@miracle-ui/checkbox": "*",
        "@miracle-ui/checkbox-group": "*",
        "@miracle-ui/circular-progress": "*",
        "@miracle-ui/divider": "*",
        "@miracle-ui/dropdown": "*",
        "@miracle-ui/input": "*",
        "@miracle-ui/progress": "*",
        "@miracle-ui/slider": "*",
        "@miracle-ui/system": "*"
      },
      "devDependencies": {},
      "peerDependencies": {
        "react": "^18.2.0",
        "react-dom": "^18.2.0"
      }
    },
    "../../core/system": {
      "extraneous": true
    },
    "../core/system": {
      "name": "@miracle-ui/system20",
      "version": "0.1.30",
      "license": "MIT",
      "devDependencies": {
        "@rollup/plugin-commonjs": "^26.0.1",
        "@rollup/plugin-node-resolve": "^15.2.3",
        "@rollup/plugin-terser": "^0.4.4",
        "@rollup/plugin-typescript": "^11.1.6",
        "@types/react": "^18.3.3",
        "@types/react-dom": "^18.2.22",
        "@typescript-eslint/eslint-plugin": "^7.2.0",
        "@typescript-eslint/parser": "^7.2.0",
        "classnames": "^2.5.1",
        "eslint": "^8.57.0",
        "rollup": "^4.18.0",
        "rollup-plugin-dts": "^6.1.1",
        "rollup-plugin-ignore": "^1.0.10",
        "rollup-plugin-peer-deps-external": "^2.2.4",
        "rollup-plugin-postcss": "^4.0.2",
        "tslib": "^2.6.3",
        "typescript": "^5.4.5",
        "vite": "^5.2.0"
      },
      "peerDependencies": {
        "react": "^18.2.0",
        "react-dom": "^18.2.0"
      }
    },
    "../divider": {},
    "node_modules/@miracle-ui/accordion": {
      "version": "0.1.30",
      "resolved": "https://registry.npmjs.org/@miracle-ui/accordion/-/accordion-0.1.30.tgz",
      "integrity": "sha512-xiaM4tMNPEdpHI78QN64UWmjWbB4MmcteqCcAp7a7BVAQ2qAyb7cx5ZWUZ2ChGS446ubJL6Ty8xY6MGGHK0zug==",
      "dependencies": {
        "@miracle-ui/divider": "^0.1.30",
        "@miracle-ui/system20": "^0.1.30",
        "classnames": "^2.5.1"
      },
      "peerDependencies": {
        "react": "^18.2.0",
        "react-dom": "^18.2.0"
      }
    },
    "node_modules/@miracle-ui/accordion/node_modules/@miracle-ui/divider": {
      "version": "0.1.30",
      "resolved": "https://registry.npmjs.org/@miracle-ui/divider/-/divider-0.1.30.tgz",
      "integrity": "sha512-Y/9qP/qqWeoe7KC/xS9oE07bqTH7U2R6RPrXMWb5Hc8MoAyDWIfQ31m/1sKU5RxmJ8U2h7IpKLcpleakFi+uzQ==",
      "dependencies": {
        "@miracle-ui/system20": "^0.1.30",
        "classnames": "^2.5.1"
      },
      "peerDependencies": {
        "react": "^18.2.0",
        "react-dom": "^18.2.0"
      }
    },
    "node_modules/@miracle-ui/avatar": {
      "version": "0.1.30",
      "resolved": "https://registry.npmjs.org/@miracle-ui/avatar/-/avatar-0.1.30.tgz",
      "integrity": "sha512-UQG+wFL34dk0Ofq1s5bJT44gyaVYWjhXNVpn+B1AmZVi5MDlZSlgNqTh5OR27OBBZLK9f0kvrIfEQWLXE6NTNA==",
      "dependencies": {
        "@miracle-ui/divider": "^0.1.30",
        "@miracle-ui/system20": "^0.1.30",
        "classnames": "^2.5.1"
      },
      "peerDependencies": {
        "react": "^18.2.0",
        "react-dom": "^18.2.0"
      }
    },
    "node_modules/@miracle-ui/avatar/node_modules/@miracle-ui/divider": {
      "version": "0.1.30",
      "resolved": "https://registry.npmjs.org/@miracle-ui/divider/-/divider-0.1.30.tgz",
      "integrity": "sha512-Y/9qP/qqWeoe7KC/xS9oE07bqTH7U2R6RPrXMWb5Hc8MoAyDWIfQ31m/1sKU5RxmJ8U2h7IpKLcpleakFi+uzQ==",
      "dependencies": {
        "@miracle-ui/system20": "^0.1.30",
        "classnames": "^2.5.1"
      },
      "peerDependencies": {
        "react": "^18.2.0",
        "react-dom": "^18.2.0"
      }
    },
    "node_modules/@miracle-ui/badge": {
      "version": "0.1.30",
      "resolved": "https://registry.npmjs.org/@miracle-ui/badge/-/badge-0.1.30.tgz",
      "integrity": "sha512-PDIA0+YGI+56ywxBgPIu/u3f4GimQncGdnGmn7ANfsKG3MBWKasWWRTubgk1fQX7iSOyUEHeB76TUqUx6U4U/Q==",
      "dependencies": {
        "@miracle-ui/avatar": "^0.1.30",
        "@miracle-ui/divider": "^0.1.30",
        "@miracle-ui/system20": "^0.1.30",
        "classnames": "^2.5.1"
      },
      "peerDependencies": {
        "react": "^18.2.0",
        "react-dom": "^18.2.0"
      }
    },
    "node_modules/@miracle-ui/badge/node_modules/@miracle-ui/divider": {
      "version": "0.1.30",
      "resolved": "https://registry.npmjs.org/@miracle-ui/divider/-/divider-0.1.30.tgz",
      "integrity": "sha512-Y/9qP/qqWeoe7KC/xS9oE07bqTH7U2R6RPrXMWb5Hc8MoAyDWIfQ31m/1sKU5RxmJ8U2h7IpKLcpleakFi+uzQ==",
      "dependencies": {
        "@miracle-ui/system20": "^0.1.30",
        "classnames": "^2.5.1"
      },
      "peerDependencies": {
        "react": "^18.2.0",
        "react-dom": "^18.2.0"
      }
    },
    "node_modules/@miracle-ui/button": {
      "version": "0.1.35",
      "resolved": "https://registry.npmjs.org/@miracle-ui/button/-/button-0.1.35.tgz",
      "integrity": "sha512-dLsf9Fc7AphLHeP3GII2u+uzU6Bzfo5AhzypmG5KrWClgsFfCNHxY03acjoEgS1kYWfI5KnPKoprH05OEBzFEw==",
      "dependencies": {
        "@miracle-ui/ripple20": "^0.1.30",
        "@miracle-ui/system20": "^0.1.30",
        "classnames": "^2.5.1"
      },
      "peerDependencies": {
        "react": "^18.2.0",
        "react-dom": "^18.2.0"
      }
    },
    "node_modules/@miracle-ui/checkbox": {
      "version": "0.1.30",
      "resolved": "https://registry.npmjs.org/@miracle-ui/checkbox/-/checkbox-0.1.30.tgz",
      "integrity": "sha512-DjLErNeKK/hnnfHTw4b48ev4NmO0diwkRsN+vMm30CGXmVk/BliXyrQ9qTtAS7OzrpmqzwjXZRGCqh8Pp2kBYA==",
      "dependencies": {
        "@miracle-ui/system20": "^0.1.30",
        "classnames": "^2.5.1"
      },
      "peerDependencies": {
        "react": "^18.2.0",
        "react-dom": "^18.2.0"
      }
    },
    "node_modules/@miracle-ui/checkbox-group": {
      "version": "0.1.30",
      "resolved": "https://registry.npmjs.org/@miracle-ui/checkbox-group/-/checkbox-group-0.1.30.tgz",
      "integrity": "sha512-2Jn3xJ+LxRpnPtj0RSg5OMUi4eKQg6Cd57eaY7cMJdi4Z3AbIdT6X/ezYYyxeFtt5UqlfQFnRkG6XGurHfyInQ==",
      "dependencies": {
        "@miracle-ui/system20": "^0.1.30",
        "classnames": "^2.5.1"
      },
      "peerDependencies": {
        "react": "^18.2.0",
        "react-dom": "^18.2.0"
      }
    },
    "node_modules/@miracle-ui/circular-progress": {
      "version": "0.1.30",
      "resolved": "https://registry.npmjs.org/@miracle-ui/circular-progress/-/circular-progress-0.1.30.tgz",
      "integrity": "sha512-ePDWOA3WDic7iqb2enByZYJ3JXsOwH5KOQqfg4jpSKPZ1FVNPLvnnyZJdPWee0FoI3ihNcdDy5ZQaYR7joVf7w==",
      "dependencies": {
        "@miracle-ui/system20": "^0.1.30",
        "classnames": "^2.5.1"
      },
      "peerDependencies": {
        "react": "^18.2.0",
        "react-dom": "^18.2.0"
      }
    },
    "node_modules/@miracle-ui/divider": {
      "resolved": "../divider",
      "link": true
    },
    "node_modules/@miracle-ui/dropdown": {
      "version": "0.1.30",
      "resolved": "https://registry.npmjs.org/@miracle-ui/dropdown/-/dropdown-0.1.30.tgz",
      "integrity": "sha512-mscqhy9rRZdrdPYwp/3ZIOuqE4tygz5SR7F/V0xjeYwxwtJV2nErrgCEX2WBXVUhwJwcr4fkNnl542JGiGpvgw==",
      "dependencies": {
        "@miracle-ui/system20": "^0.1.30",
        "classnames": "^2.5.1"
      },
      "peerDependencies": {
        "react": "^18.2.0",
        "react-dom": "^18.2.0"
      }
    },
    "node_modules/@miracle-ui/input": {
      "version": "0.1.37",
      "resolved": "https://registry.npmjs.org/@miracle-ui/input/-/input-0.1.37.tgz",
      "integrity": "sha512-ksFQ9d70XP7dSIeNaYTIXCD5heJl11CDZ9FP/N22cz5/CoHUopbyoInf20Zq3radXa0sUXW5q+k/IWrh1+1IpQ==",
      "dependencies": {
        "@miracle-ui/system20": "^0.1.30",
        "classnames": "^2.5.1"
      },
      "peerDependencies": {
        "react": "^18.2.0",
        "react-dom": "^18.2.0"
      }
    },
    "node_modules/@miracle-ui/progress": {
      "version": "0.1.30",
      "resolved": "https://registry.npmjs.org/@miracle-ui/progress/-/progress-0.1.30.tgz",
      "integrity": "sha512-ngPaQuNFemdUyJXgFlITKeIVZZUXXpEf99D8/NlS+gI6YFZSr2sQEy6OZ6+ntFEccJ+bNFBPt2tOKWlElfwSkg==",
      "dependencies": {
        "@miracle-ui/system20": "^0.1.30",
        "classnames": "^2.5.1"
      },
      "peerDependencies": {
        "react": "^18.2.0",
        "react-dom": "^18.2.0"
      }
    },
    "node_modules/@miracle-ui/ripple20": {
      "version": "0.1.30",
      "resolved": "https://registry.npmjs.org/@miracle-ui/ripple20/-/ripple20-0.1.30.tgz",
      "integrity": "sha512-Mgbnmm7fJD2ygRDJ4e3r0L4i+HSm4SiM84sn+A9xKMsEETilQrBROisDndhhfQI/2yQSDxlRTNqTvto9bWELeQ==",
      "dependencies": {
        "@miracle-ui/system20": "^0.1.30"
      },
      "peerDependencies": {
        "react": "^18.2.0",
        "react-dom": "^18.2.0"
      }
    },
    "node_modules/@miracle-ui/slider": {
      "version": "0.1.35",
      "resolved": "https://registry.npmjs.org/@miracle-ui/slider/-/slider-0.1.35.tgz",
      "integrity": "sha512-kcHpZZ2O3C2+HDjRYX1nq2lsVgy7tLw18K6ypoefcw/3Gjjo56efypkDbbgb0l/JlezHHQqLjxXJZBrzrf7XXw==",
      "dependencies": {
        "@miracle-ui/button": "^0.1.35",
        "@miracle-ui/system20": "^0.1.30",
        "classnames": "^2.5.1"
      },
      "peerDependencies": {
        "react": "^18.2.0",
        "react-dom": "^18.2.0"
      }
    },
    "node_modules/@miracle-ui/system20": {
      "resolved": "../core/system",
      "link": true
    },
    "node_modules/classnames": {
      "version": "2.5.1",
      "resolved": "https://registry.npmjs.org/classnames/-/classnames-2.5.1.tgz",
      "integrity": "sha512-saHYOzhIQs6wy2sVxTM6bUDsQO4F50V9RQ22qBpEdCW+I+/Wmke2HOl6lS6dTpdxVhb88/I6+Hs+438c3lfUow=="
    },
    "node_modules/js-tokens": {
      "version": "4.0.0",
      "resolved": "https://registry.npmjs.org/js-tokens/-/js-tokens-4.0.0.tgz",
      "integrity": "sha512-RdJUflcE3cUzKiMqQgsCu06FPu9UdIJO0beYbPhHN4k6apgJtifcoCtT9bcxOpYBtpD2kCM6Sbzg4CausW/PKQ==",
      "peer": true
    },
    "node_modules/loose-envify": {
      "version": "1.4.0",
      "resolved": "https://registry.npmjs.org/loose-envify/-/loose-envify-1.4.0.tgz",
      "integrity": "sha512-lyuxPGr/Wfhrlem2CL/UcnUc1zcqKAImBDzukY7Y5F/yQiNdko6+fRLevlw1HgMySw7f611UIY408EtxRSoK3Q==",
      "peer": true,
      "dependencies": {
        "js-tokens": "^3.0.0 || ^4.0.0"
      },
      "bin": {
        "loose-envify": "cli.js"
      }
    },
    "node_modules/react": {
      "version": "18.3.1",
      "resolved": "https://registry.npmjs.org/react/-/react-18.3.1.tgz",
      "integrity": "sha512-wS+hAgJShR0KhEvPJArfuPVN1+Hz1t0Y6n5jLrGQbkb4urgPE/0Rve+1kMB1v/oWgHgm4WIcV+i7F2pTVj+2iQ==",
      "peer": true,
      "dependencies": {
        "loose-envify": "^1.1.0"
      },
      "engines": {
        "node": ">=0.10.0"
      }
    },
    "node_modules/react-dom": {
      "version": "18.3.1",
      "resolved": "https://registry.npmjs.org/react-dom/-/react-dom-18.3.1.tgz",
      "integrity": "sha512-5m4nQKp+rZRb09LNH59GM4BxTh9251/ylbKIbpe7TpGxfJ+9kv6BLkLBXIjjspbgbnIBNqlI23tRnTWT0snUIw==",
      "peer": true,
      "dependencies": {
        "loose-envify": "^1.1.0",
        "scheduler": "^0.23.2"
      },
      "peerDependencies": {
        "react": "^18.3.1"
      }
    },
    "node_modules/scheduler": {
      "version": "0.23.2",
      "resolved": "https://registry.npmjs.org/scheduler/-/scheduler-0.23.2.tgz",
      "integrity": "sha512-UOShsPwz7NrMUqhR6t0hWjFduvOzbtv7toDH1/hIrfRNIDBnnBWd0CwJTGvTpngVlmwGCdP9/Zl/tVrDqcuYzQ==",
      "peer": true,
      "dependencies": {
        "loose-envify": "^1.1.0"
      }
    }
  }
}